
Microsoft Visual Studio Solution File, Format Version 12.00
# Visual Studio Version 16
VisualStudioVersion = 16.0.31005.135
MinimumVisualStudioVersion = 10.0.40219.1
Project("{9A19103F-16F7-4668-BE54-9A1E7A4F7556}") = "Calculator.hg", "Calculator.hg.csproj", "{B0D7D32B-9B14-4252-82B1-64668278D195}"
EndProject
Project("{FAE04EC0-301F-11D3-BF4B-00C04F79EFBC}") = "Calculator.hg.Tests", "..\Calculator.hg.Tests\Calculator.hg.Tests.csproj", "{741FC973-D5EE-424F-8C12-4A00D7FB7F72}"
EndProject
Global
	GlobalSection(SolutionConfigurationPlatforms) = preSolution
		Debug|Any CPU = Debug|Any CPU
		Release|Any CPU = Release|Any CPU
	EndGlobalSection
	GlobalSection(ProjectConfigurationPlatforms) = postSolution
		{B0D7D32B-9B14-4252-82B1-64668278D195}.Debug|Any CPU.ActiveCfg = Debug|Any CPU
		{B0D7D32B-9B14-4252-82B1-64668278D195}.Debug|Any CPU.Build.0 = Debug|Any CPU
		{B0D7D32B-9B14-4252-82B1-64668278D195}.Release|Any CPU.ActiveCfg = Release|Any CPU
		{B0D7D32B-9B14-4252-82B1-64668278D195}.Release|Any CPU.Build.0 = Release|Any CPU
		{741FC973-D5EE-424F-8C12-4A00D7FB7F72}.Debug|Any CPU.ActiveCfg = Debug|Any CPU
		{741FC973-D5EE-424F-8C12-4A00D7FB7F72}.Debug|Any CPU.Build.0 = Debug|Any CPU
		{741FC973-D5EE-424F-8C12-4A00D7FB7F72}.Release|Any CPU.ActiveCfg = Release|Any CPU
		{741FC973-D5EE-424F-8C12-4A00D7FB7F72}.Release|Any CPU.Build.0 = Release|Any CPU
	EndGlobalSection
	GlobalSection(SolutionProperties) = preSolution
		HideSolutionNode = FALSE
	EndGlobalSection
	GlobalSection(ExtensibilityGlobals) = postSolution
		SolutionGuid = {6C9C938F-37A2-4BF8-A678-AC550782C99B}
	EndGlobalSection
EndGlobal
